
Microsoft Visual Studio Solution File, Format Version 12.00
# Visual Studio Version 17
VisualStudioVersion = 17.7.34018.315
MinimumVisualStudioVersion = 10.0.40219.1
Project("{9A19103F-16F7-4668-BE54-9A1E7A4F7556}") = "Zion1.Membership.API", "Zion1.Membership.API\Zion1.Membership.API.csproj", "{23F6978F-EA9F-421F-802B-CEBF7EC56F2A}"
EndProject
Project("{9A19103F-16F7-4668-BE54-9A1E7A4F7556}") = "Zion1.Membership.Application", "Zion1.Membership.Application\Zion1.Membership.Application.csproj", "{79AA3F72-DAD5-4C63-9970-FF4785D9E32E}"
EndProject
Project("{9A19103F-16F7-4668-BE54-9A1E7A4F7556}") = "Zion1.Membership.Domain", "Zion1.Membership.Domain\Zion1.Membership.Domain.csproj", "{EC6742F9-EE56-4493-9B60-5A5672520651}"
EndProject
Project("{9A19103F-16F7-4668-BE54-9A1E7A4F7556}") = "Zion1.Membership.Infrastructure", "Zion1.Membership.Infrastructure\Zion1.Membership.Infrastructure.csproj", "{941C47DE-30DA-4CE9-9D9D-5CED810790E1}"
EndProject
Project("{9A19103F-16F7-4668-BE54-9A1E7A4F7556}") = "Zion1.Membership.Web.UI", "Zion1.Membership.Web.UI\Zion1.Membership.Web.UI.csproj", "{157BB401-01B6-4118-8931-186709AAAB05}"
EndProject
Global
	GlobalSection(SolutionConfigurationPlatforms) = preSolution
		Debug|Any CPU = Debug|Any CPU
		Release|Any CPU = Release|Any CPU
	EndGlobalSection
	GlobalSection(ProjectConfigurationPlatforms) = postSolution
		{23F6978F-EA9F-421F-802B-CEBF7EC56F2A}.Debug|Any CPU.ActiveCfg = Debug|Any CPU
		{23F6978F-EA9F-421F-802B-CEBF7EC56F2A}.Debug|Any CPU.Build.0 = Debug|Any CPU
		{23F6978F-EA9F-421F-802B-CEBF7EC56F2A}.Release|Any CPU.ActiveCfg = Release|Any CPU
		{23F6978F-EA9F-421F-802B-CEBF7EC56F2A}.Release|Any CPU.Build.0 = Release|Any CPU
		{79AA3F72-DAD5-4C63-9970-FF4785D9E32E}.Debug|Any CPU.ActiveCfg = Debug|Any CPU
		{79AA3F72-DAD5-4C63-9970-FF4785D9E32E}.Debug|Any CPU.Build.0 = Debug|Any CPU
		{79AA3F72-DAD5-4C63-9970-FF4785D9E32E}.Release|Any CPU.ActiveCfg = Release|Any CPU
		{79AA3F72-DAD5-4C63-9970-FF4785D9E32E}.Release|Any CPU.Build.0 = Release|Any CPU
		{EC6742F9-EE56-4493-9B60-5A5672520651}.Debug|Any CPU.ActiveCfg = Debug|Any CPU
		{EC6742F9-EE56-4493-9B60-5A5672520651}.Debug|Any CPU.Build.0 = Debug|Any CPU
		{EC6742F9-EE56-4493-9B60-5A5672520651}.Release|Any CPU.ActiveCfg = Release|Any CPU
		{EC6742F9-EE56-4493-9B60-5A5672520651}.Release|Any CPU.Build.0 = Release|Any CPU
		{941C47DE-30DA-4CE9-9D9D-5CED810790E1}.Debug|Any CPU.ActiveCfg = Debug|Any CPU
		{941C47DE-30DA-4CE9-9D9D-5CED810790E1}.Debug|Any CPU.Build.0 = Debug|Any CPU
		{941C47DE-30DA-4CE9-9D9D-5CED810790E1}.Release|Any CPU.ActiveCfg = Release|Any CPU
		{941C47DE-30DA-4CE9-9D9D-5CED810790E1}.Release|Any CPU.Build.0 = Release|Any CPU
		{157BB401-01B6-4118-8931-186709AAAB05}.Debug|Any CPU.ActiveCfg = Debug|Any CPU
		{157BB401-01B6-4118-8931-186709AAAB05}.Debug|Any CPU.Build.0 = Debug|Any CPU
		{157BB401-01B6-4118-8931-186709AAAB05}.Release|Any CPU.ActiveCfg = Release|Any CPU
		{157BB401-01B6-4118-8931-186709AAAB05}.Release|Any CPU.Build.0 = Release|Any CPU
	EndGlobalSection
	GlobalSection(SolutionProperties) = preSolution
		HideSolutionNode = FALSE
	EndGlobalSection
	GlobalSection(ExtensibilityGlobals) = postSolution
		SolutionGuid = {7FD7FF47-0DB1-489B-A11F-96F4FE516736}
	EndGlobalSection
EndGlobal
